
Microsoft Visual Studio Solution File, Format Version 12.00
# Visual Studio Version 16
VisualStudioVersion = 16.0.30804.86
MinimumVisualStudioVersion = 10.0.40219.1
Project("{FAE04EC0-301F-11D3-BF4B-00C04F79EFBC}") = "92031083_ModelRailStore", "92031083_ModelRailStore\92031083_ModelRailStore.csproj", "{9683EAF5-FE95-488E-82AE-FF26EBB2D93A}"
EndProject
Global
	GlobalSection(SolutionConfigurationPlatforms) = preSolution
		Debug|Any CPU = Debug|Any CPU
		Release|Any CPU = Release|Any CPU
	EndGlobalSection
	GlobalSection(ProjectConfigurationPlatforms) = postSolution
		{9683EAF5-FE95-488E-82AE-FF26EBB2D93A}.Debug|Any CPU.ActiveCfg = Debug|Any CPU
		{9683EAF5-FE95-488E-82AE-FF26EBB2D93A}.Debug|Any CPU.Build.0 = Debug|Any CPU
		{9683EAF5-FE95-488E-82AE-FF26EBB2D93A}.Release|Any CPU.ActiveCfg = Release|Any CPU
		{9683EAF5-FE95-488E-82AE-FF26EBB2D93A}.Release|Any CPU.Build.0 = Release|Any CPU
	EndGlobalSection
	GlobalSection(SolutionProperties) = preSolution
		HideSolutionNode = FALSE
	EndGlobalSection
	GlobalSection(ExtensibilityGlobals) = postSolution
		SolutionGuid = {4986DCAB-8D03-45EF-881A-C601F774365C}
	EndGlobalSection
EndGlobal
